
Microsoft Visual Studio Solution File, Format Version 12.00
# Visual Studio 15
VisualStudioVersion = 15.0.27703.2026
MinimumVisualStudioVersion = 10.0.40219.1
Project("{FAE04EC0-301F-11D3-BF4B-00C04F79EFBC}") = "Herencias", "Herencias\Herencias.csproj", "{08118693-0C2D-41C7-AE25-BC7418511123}"
EndProject
Global
	GlobalSection(SolutionConfigurationPlatforms) = preSolution
		Debug|Any CPU = Debug|Any CPU
		Release|Any CPU = Release|Any CPU
	EndGlobalSection
	GlobalSection(ProjectConfigurationPlatforms) = postSolution
		{08118693-0C2D-41C7-AE25-BC7418511123}.Debug|Any CPU.ActiveCfg = Debug|Any CPU
		{08118693-0C2D-41C7-AE25-BC7418511123}.Debug|Any CPU.Build.0 = Debug|Any CPU
		{08118693-0C2D-41C7-AE25-BC7418511123}.Release|Any CPU.ActiveCfg = Release|Any CPU
		{08118693-0C2D-41C7-AE25-BC7418511123}.Release|Any CPU.Build.0 = Release|Any CPU
	EndGlobalSection
	GlobalSection(SolutionProperties) = preSolution
		HideSolutionNode = FALSE
	EndGlobalSection
	GlobalSection(ExtensibilityGlobals) = postSolution
		SolutionGuid = {086F084F-9D7A-4CDD-8691-D33A99FA1643}
	EndGlobalSection
EndGlobal
